
Microsoft Visual Studio Solution File, Format Version 12.00
# Visual Studio 15
VisualStudioVersion = 15.0.28307.572
MinimumVisualStudioVersion = 10.0.40219.1
Project("{9A19103F-16F7-4668-BE54-9A1E7A4F7556}") = "SynchronizationAsync", "SynchronizationAsync\SynchronizationAsync.csproj", "{2B51648E-57E5-4518-95FA-2556C3829DF5}"
EndProject
Project("{FAE04EC0-301F-11D3-BF4B-00C04F79EFBC}") = "SynchronizationAsync.ConsoleApp", "SynchronizationAsync.ConsoleApp\SynchronizationAsync.ConsoleApp.csproj", "{BC8B57B3-8084-45FD-B94C-41207C77495A}"
EndProject
Global
	GlobalSection(SolutionConfigurationPlatforms) = preSolution
		Debug|Any CPU = Debug|Any CPU
		Release|Any CPU = Release|Any CPU
	EndGlobalSection
	GlobalSection(ProjectConfigurationPlatforms) = postSolution
		{2B51648E-57E5-4518-95FA-2556C3829DF5}.Debug|Any CPU.ActiveCfg = Debug|Any CPU
		{2B51648E-57E5-4518-95FA-2556C3829DF5}.Debug|Any CPU.Build.0 = Debug|Any CPU
		{2B51648E-57E5-4518-95FA-2556C3829DF5}.Release|Any CPU.ActiveCfg = Release|Any CPU
		{2B51648E-57E5-4518-95FA-2556C3829DF5}.Release|Any CPU.Build.0 = Release|Any CPU
		{BC8B57B3-8084-45FD-B94C-41207C77495A}.Debug|Any CPU.ActiveCfg = Debug|Any CPU
		{BC8B57B3-8084-45FD-B94C-41207C77495A}.Debug|Any CPU.Build.0 = Debug|Any CPU
		{BC8B57B3-8084-45FD-B94C-41207C77495A}.Release|Any CPU.ActiveCfg = Release|Any CPU
		{BC8B57B3-8084-45FD-B94C-41207C77495A}.Release|Any CPU.Build.0 = Release|Any CPU
	EndGlobalSection
	GlobalSection(SolutionProperties) = preSolution
		HideSolutionNode = FALSE
	EndGlobalSection
	GlobalSection(ExtensibilityGlobals) = postSolution
		SolutionGuid = {79AECBC1-1694-4E2A-BBBB-415C4CCAF9FB}
	EndGlobalSection
EndGlobal
